# IF THERE'S A GIT CONFLICT IN THIS FILE, DON'T SOLVE IT MANUALLY!
# INSTEAD EXECUTE `prisma lift fix`
# lift lockfile v1
# Read more about conflict resolution here: TODO

20190801135018-init
20190805165933-init-schema
20190806132643-fix-relations
20190806152911-schema-revision
20190806175216-password-token-optional
20190808153457-add-is-active-flag-to-user